
Microsoft Visual Studio Solution File, Format Version 12.00
# Visual Studio Version 17
VisualStudioVersion = 17.5.002.0
MinimumVisualStudioVersion = 10.0.40219.1
Project("{9A19103F-16F7-4668-BE54-9A1E7A4F7556}") = "DetailedCleaningCompanyMVC", "DetailedCleaningCompanyMVC.csproj", "{A354C949-0089-4FB5-955D-F85A713DD2FD}"
EndProject
Global
	GlobalSection(SolutionConfigurationPlatforms) = preSolution
		Debug|Any CPU = Debug|Any CPU
		Release|Any CPU = Release|Any CPU
	EndGlobalSection
	GlobalSection(ProjectConfigurationPlatforms) = postSolution
		{A354C949-0089-4FB5-955D-F85A713DD2FD}.Debug|Any CPU.ActiveCfg = Debug|Any CPU
		{A354C949-0089-4FB5-955D-F85A713DD2FD}.Debug|Any CPU.Build.0 = Debug|Any CPU
		{A354C949-0089-4FB5-955D-F85A713DD2FD}.Release|Any CPU.ActiveCfg = Release|Any CPU
		{A354C949-0089-4FB5-955D-F85A713DD2FD}.Release|Any CPU.Build.0 = Release|Any CPU
	EndGlobalSection
	GlobalSection(SolutionProperties) = preSolution
		HideSolutionNode = FALSE
	EndGlobalSection
	GlobalSection(ExtensibilityGlobals) = postSolution
		SolutionGuid = {43AA8842-5804-4A31-B3EF-3F3326CFA7AF}
	EndGlobalSection
EndGlobal
